
Microsoft Visual Studio Solution File, Format Version 12.00
# Visual Studio Version 17
VisualStudioVersion = 17.11.35327.3
MinimumVisualStudioVersion = 10.0.40219.1
Project("{FAE04EC0-301F-11D3-BF4B-00C04F79EFBC}") = "BUS-SERVICE-SAMPLE", "BUS-SERVICE-SAMPLE\BUS-SERVICE-SAMPLE.csproj", "{56AA9D94-9045-466A-A7EA-15DE9C521FE8}"
EndProject
Global
	GlobalSection(SolutionConfigurationPlatforms) = preSolution
		Debug|Any CPU = Debug|Any CPU
		Release|Any CPU = Release|Any CPU
	EndGlobalSection
	GlobalSection(ProjectConfigurationPlatforms) = postSolution
		{56AA9D94-9045-466A-A7EA-15DE9C521FE8}.Debug|Any CPU.ActiveCfg = Debug|Any CPU
		{56AA9D94-9045-466A-A7EA-15DE9C521FE8}.Debug|Any CPU.Build.0 = Debug|Any CPU
		{56AA9D94-9045-466A-A7EA-15DE9C521FE8}.Release|Any CPU.ActiveCfg = Release|Any CPU
		{56AA9D94-9045-466A-A7EA-15DE9C521FE8}.Release|Any CPU.Build.0 = Release|Any CPU
	EndGlobalSection
	GlobalSection(SolutionProperties) = preSolution
		HideSolutionNode = FALSE
	EndGlobalSection
	GlobalSection(ExtensibilityGlobals) = postSolution
		SolutionGuid = {0E1939AD-D720-4872-B206-CAC6C8EA3CE4}
	EndGlobalSection
EndGlobal
